PODS:
  - ReactiveSwift (1.1.3):
    - Result (~> 3.2)
  - Result (3.2.3)

DEPENDENCIES:
  - ReactiveSwift (~> 1.1)

SPEC CHECKSUMS:
  ReactiveSwift: f54ba12c2e799003432930fa55495315ae44f32b
  Result: 128640a6347e8d2ae48b142556739a2d13f90ce6

PODFILE CHECKSUM: b9809fbd04a64a4b842306ac198d3600280cf04c

COCOAPODS: 1.2.0.beta.1
