PODS:
  - ReachabilitySwift (3)
  - ReactiveCocoa (6.0.1):
    - ReactiveSwift (~> 2.0)
  - ReactiveSwift (2.0.1):
    - Result (~> 3.2)
  - Result (3.2.3)
  - SwiftWebSocket (2.6.5)

DEPENDENCIES:
  - ReachabilitySwift (~> 3)
  - ReactiveCocoa (~> 6.0)
  - SwiftWebSocket (~> 2.6)

SPEC CHECKSUMS:
  ReachabilitySwift: f5b9bb30a0777fac8f09ce8b067e32faeb29bb64
  ReactiveCocoa: cf6595131c832c468fe3f84a2d7f74ed68eb3058
  ReactiveSwift: 60a29ff35988a964fd2bb759755cb6594de523fc
  Result: 128640a6347e8d2ae48b142556739a2d13f90ce6
  SwiftWebSocket: 1ef8a0efb023544643bdf480c1ec4a62b204f293

PODFILE CHECKSUM: feda188877380a5e6c67484679ee20a70e7b96ae

COCOAPODS: 1.2.1
